{"format_version":"1.2","terraform_version":"1.11.2","variables":{"cluster_name":{"value":"terraform-aks"},"kubernetes_version":{"value":"1.29.2"},"location":{"value":"West Europe"},"node_resource_group":{"value":"aks_terraform_resources_rg"},"resource_group_name":{"value":"aks_terraform_rg"},"system_node_count":{"value":1}},"planned_values":{"outputs":{"aks_fqdn":{"sensitive":false},"aks_id":{"sensitive":false},"aks_node_rg":{"sensitive":false,"type":"string","value":"aks_terraform_resources_rg"}},"root_module":{"resources":[{"address":"azurerm_kubernetes_cluster.aks","mode":"managed","type":"azurerm_kubernetes_cluster","name":"aks","provider_name":"registry.terraform.io/hashicorp/azurerm","schema_version":0,"values":{"api_server_authorized_ip_ranges":null,"default_node_pool":[{"availability_zones":null,"enable_auto_scaling":null,"enable_host_encryption":null,"enable_node_public_ip":null,"max_count":null,"min_count":null,"name":"system","node_count":1,"node_labels":null,"node_taints":null,"os_disk_type":"Managed","proximity_placement_group_id":null,"tags":null,"type":"VirtualMachineScaleSets","vm_size":"Standard_DS2_v2","vnet_subnet_id":null}],"disk_encryption_set_id":null,"dns_prefix":"terraform-aks","enable_pod_security_policy":null,"identity":[{"type":"SystemAssigned","user_assigned_identity_id":null}],"kubernetes_version":"1.29.2","linux_profile":[],"location":"westeurope","name":"terraform-aks","network_profile":[{"load_balancer_sku":"standard","network_plugin":"kubenet","outbound_type":"loadBalancer"}],"node_resource_group":"aks_terraform_resources_rg","resource_group_name":"aks_terraform_rg","service_principal":[],"sku_tier":"Free","tags":null,"timeouts":null},"sensitive_values":{"addon_profile":[],"auto_scaler_profile":[],"default_node_pool":[{}],"identity":[{}],"kube_admin_config":[],"kube_admin_config_raw":true,"kube_config":[],"kube_config_raw":true,"kubelet_identity":[],"linux_profile":[],"network_profile":[{"load_balancer_profile":[]}],"role_based_access_control":[],"service_principal":[],"windows_profile":[]}},{"address":"azurerm_resource_group.rg","mode":"managed","type":"azurerm_resource_group","name":"rg","provider_name":"registry.terraform.io/hashicorp/azurerm","schema_version":0,"values":{"location":"westeurope","name":"aks_terraform_rg","tags":null,"timeouts":null},"sensitive_values":{}}]}},"resource_changes":[{"address":"azurerm_kubernetes_cluster.aks","mode":"managed","type":"azurerm_kubernetes_cluster","name":"aks","provider_name":"registry.terraform.io/hashicorp/azurerm","change":{"actions":["create"],"before":null,"after":{"api_server_authorized_ip_ranges":null,"default_node_pool":[{"availability_zones":null,"enable_auto_scaling":null,"enable_host_encryption":null,"enable_node_public_ip":null,"max_count":null,"min_count":null,"name":"system","node_count":1,"node_labels":null,"node_taints":null,"os_disk_type":"Managed","proximity_placement_group_id":null,"tags":null,"type":"VirtualMachineScaleSets","vm_size":"Standard_DS2_v2","vnet_subnet_id":null}],"disk_encryption_set_id":null,"dns_prefix":"terraform-aks","enable_pod_security_policy":null,"identity":[{"type":"SystemAssigned","user_assigned_identity_id":null}],"kubernetes_version":"1.29.2","linux_profile":[],"location":"westeurope","name":"terraform-aks","network_profile":[{"load_balancer_sku":"standard","network_plugin":"kubenet","outbound_type":"loadBalancer"}],"node_resource_group":"aks_terraform_resources_rg","resource_group_name":"aks_terraform_rg","service_principal":[],"sku_tier":"Free","tags":null,"timeouts":null},"after_unknown":{"addon_profile":true,"auto_scaler_profile":true,"default_node_pool":[{"max_pods":true,"orchestrator_version":true,"os_disk_size_gb":true}],"fqdn":true,"id":true,"identity":[{"principal_id":true,"tenant_id":true}],"kube_admin_config":true,"kube_admin_config_raw":true,"kube_config":true,"kube_config_raw":true,"kubelet_identity":true,"linux_profile":[],"network_profile":[{"dns_service_ip":true,"docker_bridge_cidr":true,"load_balancer_profile":true,"network_mode":true,"network_policy":true,"pod_cidr":true,"service_cidr":true}],"private_cluster_enabled":true,"private_fqdn":true,"private_link_enabled":true,"role_based_access_control":true,"service_principal":[],"windows_profile":true},"before_sensitive":false,"after_sensitive":{"addon_profile":[],"auto_scaler_profile":[],"default_node_pool":[{}],"identity":[{}],"kube_admin_config":[],"kube_admin_config_raw":true,"kube_config":[],"kube_config_raw":true,"kubelet_identity":[],"linux_profile":[],"network_profile":[{"load_balancer_profile":[]}],"role_based_access_control":[],"service_principal":[],"windows_profile":[]}}},{"address":"azurerm_resource_group.rg","mode":"managed","type":"azurerm_resource_group","name":"rg","provider_name":"registry.terraform.io/hashicorp/azurerm","change":{"actions":["create"],"before":null,"after":{"location":"westeurope","name":"aks_terraform_rg","tags":null,"timeouts":null},"after_unknown":{"id":true},"before_sensitive":false,"after_sensitive":{}}}],"output_changes":{"aks_fqdn":{"actions":["create"],"before":null,"after_unknown":true,"before_sensitive":false,"after_sensitive":false},"aks_id":{"actions":["create"],"before":null,"after_unknown":true,"before_sensitive":false,"after_sensitive":false},"aks_node_rg":{"actions":["create"],"before":null,"after":"aks_terraform_resources_rg","after_unknown":false,"before_sensitive":false,"after_sensitive":false}},"prior_state":{"format_version":"1.0","terraform_version":"1.11.2","values":{"outputs":{"aks_node_rg":{"sensitive":false,"value":"aks_terraform_resources_rg","type":"string"}},"root_module":{}}},"configuration":{"provider_config":{"azurerm":{"name":"azurerm","full_name":"registry.terraform.io/hashicorp/azurerm","version_constraint":"2.46.0","expressions":{"features":[{}]}}},"root_module":{"outputs":{"aks_fqdn":{"expression":{"references":["azurerm_kubernetes_cluster.aks.fqdn","azurerm_kubernetes_cluster.aks"]}},"aks_id":{"expression":{"references":["azurerm_kubernetes_cluster.aks.id","azurerm_kubernetes_cluster.aks"]}},"aks_node_rg":{"expression":{"references":["azurerm_kubernetes_cluster.aks.node_resource_group","azurerm_kubernetes_cluster.aks"]}}},"resources":[{"address":"azurerm_kubernetes_cluster.aks","mode":"managed","type":"azurerm_kubernetes_cluster","name":"aks","provider_config_key":"azurerm","expressions":{"default_node_pool":[{"name":{"constant_value":"system"},"node_count":{"references":["var.system_node_count"]},"type":{"constant_value":"VirtualMachineScaleSets"},"vm_size":{"constant_value":"Standard_DS2_v2"}}],"dns_prefix":{"references":["var.cluster_name"]},"identity":[{"type":{"constant_value":"SystemAssigned"}}],"kubernetes_version":{"references":["var.kubernetes_version"]},"location":{"references":["var.location"]},"name":{"references":["var.cluster_name"]},"network_profile":[{"load_balancer_sku":{"constant_value":"standard"},"network_plugin":{"constant_value":"kubenet"}}],"node_resource_group":{"references":["var.node_resource_group"]},"resource_group_name":{"references":["azurerm_resource_group.rg.name","azurerm_resource_group.rg"]}},"schema_version":0},{"address":"azurerm_resource_group.rg","mode":"managed","type":"azurerm_resource_group","name":"rg","provider_config_key":"azurerm","expressions":{"location":{"references":["var.location"]},"name":{"references":["var.resource_group_name"]}},"schema_version":0}],"variables":{"cluster_name":{"description":"AKS name in Azure"},"kubernetes_version":{"description":"Kubernetes version"},"location":{"description":"Resources location in Azure"},"node_resource_group":{"description":"RG name for cluster resources in Azure"},"resource_group_name":{"description":"RG name in Azure"},"system_node_count":{"description":"Number of AKS worker nodes"}}}},"relevant_attributes":[{"resource":"azurerm_kubernetes_cluster.aks","attribute":["id"]},{"resource":"azurerm_resource_group.rg","attribute":["name"]},{"resource":"azurerm_kubernetes_cluster.aks","attribute":["fqdn"]},{"resource":"azurerm_kubernetes_cluster.aks","attribute":["node_resource_group"]}],"timestamp":"2025-03-14T03:52:27Z","applyable":true,"complete":true,"errored":false}
